{
  "name": "aout.blog",
  "version": "0.0.1",
  "lockfileVersion": 2,
  "requires": true,
  "packages": {
    "": {
      "name": "aout.blog",
      "version": "0.0.1",
      "license": "Apache2",
      "devDependencies": {
        "compressing": "^1.5.1",
        "fs": "0.0.1-security",
        "globby": "^11.0.1",
        "marked": "^1.2.3",
        "path": "^0.12.7",
        "readline": "^1.3.0"
      }
    },
    "node_modules/@nodelib/fs.scandir": {
      "version": "2.1.5",
      "resolved": "https://registry.nlark.com/@nodelib/fs.scandir/download/@nodelib/fs.scandir-2.1.5.tgz",
      "integrity": "sha1-dhnC6yGyVIP20WdUi0z9WnSIw9U=",
      "dev": true,
      "dependencies": {
        "@nodelib/fs.stat": "2.0.5",
        "run-parallel": "^1.1.9"
      },
      "engines": {
        "node": ">= 8"
      }
    },
    "node_modules/@nodelib/fs.stat": {
      "version": "2.0.5",
      "resolved": "https://registry.npmmirror.com/@nodelib/fs.stat/download/@nodelib/fs.stat-2.0.5.tgz",
      "integrity": "sha1-W9Jir5Tp0lvR5xsF3u1Eh2oiLos=",
      "dev": true,
      "engines": {
        "node": ">= 8"
      }
    },
    "node_modules/@nodelib/fs.walk": {
      "version": "1.2.8",
      "resolved": "https://registry.nlark.com/@nodelib/fs.walk/download/@nodelib/fs.walk-1.2.8.tgz?cache=0&sync_timestamp=1625769815389&other_urls=https%3A%2F%2Fregistry.nlark.com%2F%40nodelib%2Ffs.walk%2Fdownload%2F%40nodelib%2Ffs.walk-1.2.8.tgz",
      "integrity": "sha1-6Vc36LtnRt3t9pxVaVNJTxlv5po=",
      "dev": true,
      "dependencies": {
        "@nodelib/fs.scandir": "2.1.5",
        "fastq": "^1.6.0"
      },
      "engines": {
        "node": ">= 8"
      }
    },
    "node_modules/array-union": {
      "version": "2.1.0",
      "resolved": "https://registry.npm.taobao.org/array-union/download/array-union-2.1.0.tgz?cache=0&sync_timestamp=1614624407140&other_urls=https%3A%2F%2Fregistry.npm.taobao.org%2Farray-union%2Fdownload%2Farray-union-2.1.0.tgz",
      "integrity": "sha1-t5hCCtvrHego2ErNii4j0+/oXo0=",
      "dev": true,
      "engines": {
        "node": ">=8"
      }
    },
    "node_modules/bl": {
      "version": "1.2.3",
      "resolved": "https://registry.nlark.com/bl/download/bl-1.2.3.tgz",
      "integrity": "sha1-Ho3YAULqyA1xWMnczAR/tiDgNec=",
      "dev": true,
      "dependencies": {
        "readable-stream": "^2.3.5",
        "safe-buffer": "^5.1.1"
      }
    },
    "node_modules/braces": {
      "version": "3.0.2",
      "resolved": "https://registry.npm.taobao.org/braces/download/braces-3.0.2.tgz",
      "integrity": "sha1-NFThpGLujVmeI23zNs2epPiv4Qc=",
      "dev": true,
      "dependencies": {
        "fill-range": "^7.0.1"
      },
      "engines": {
        "node": ">=8"
      }
    },
    "node_modules/buffer-alloc": {
      "version": "1.2.0",
      "resolved": "https://registry.npm.taobao.org/buffer-alloc/download/buffer-alloc-1.2.0.tgz",
      "integrity": "sha1-iQ3ZDZI6hz4I4Q5f1RpX5bfM4Ow=",
      "dev": true,
      "dependencies": {
        "buffer-alloc-unsafe": "^1.1.0",
        "buffer-fill": "^1.0.0"
      }
    },
    "node_modules/buffer-alloc-unsafe": {
      "version": "1.1.0",
      "resolved": "https://registry.nlark.com/buffer-alloc-unsafe/download/buffer-alloc-unsafe-1.1.0.tgz",
      "integrity": "sha1-vX3CauKXLQ7aJTvgYdupkjScGfA=",
      "dev": true
    },
    "node_modules/buffer-crc32": {
      "version": "0.2.13",
      "resolved": "https://registry.npm.taobao.org/buffer-crc32/download/buffer-crc32-0.2.13.tgz",
      "integrity": "sha1-DTM+PwDqxQqhRUq9MO+MKl2ackI=",
      "dev": true,
      "engines": {
        "node": "*"
      }
    },
    "node_modules/buffer-fill": {
      "version": "1.0.0",
      "resolved": "https://registry.npm.taobao.org/buffer-fill/download/buffer-fill-1.0.0.tgz",
      "integrity": "sha1-+PeLdniYiO858gXNY39o5wISKyw=",
      "dev": true
    },
    "node_modules/compressing": {
      "version": "1.5.1",
      "resolved": "https://registry.npm.taobao.org/compressing/download/compressing-1.5.1.tgz",
      "integrity": "sha1-0DGjMRuMLtZWGoQxZx1ahEVASC0=",
      "dev": true,
      "dependencies": {
        "flushwritable": "^1.0.0",
        "get-ready": "^1.0.0",
        "iconv-lite": "^0.5.0",
        "mkdirp": "^0.5.1",
        "pump": "^3.0.0",
        "streamifier": "^0.1.1",
        "tar-stream": "^1.5.2",
        "yauzl": "^2.7.0",
        "yazl": "^2.4.2"
      },
      "engines": {
        "node": ">= 4.0.0"
      }
    },
    "node_modules/core-util-is": {
      "version": "1.0.3",
      "resolved": "https://registry.nlark.com/core-util-is/download/core-util-is-1.0.3.tgz",
      "integrity": "sha1-pgQtNjTCsn6TKPg3uWX6yDgI24U=",
      "dev": true
    },
    "node_modules/dir-glob": {
      "version": "3.0.1",
      "resolved": "https://registry.npm.taobao.org/dir-glob/download/dir-glob-3.0.1.tgz",
      "integrity": "sha1-Vtv3PZkqSpO6FYT0U0Bj/S5BcX8=",
      "dev": true,
      "dependencies": {
        "path-type": "^4.0.0"
      },
      "engines": {
        "node": ">=8"
      }
    },
    "node_modules/end-of-stream": {
      "version": "1.4.4",
      "resolved": "https://registry.nlark.com/end-of-stream/download/end-of-stream-1.4.4.tgz",
      "integrity": "sha1-WuZKX0UFe682JuwU2gyl5LJDHrA=",
      "dev": true,
      "dependencies": {
        "once": "^1.4.0"
      }
    },
    "node_modules/fast-glob": {
      "version": "3.2.11",
      "resolved": "https://registry.npmmirror.com/fast-glob/download/fast-glob-3.2.11.tgz",
      "integrity": "sha512-xrO3+1bxSo3ZVHAnqzyuewYT6aMFHRAd4Kcs92MAonjwQZLsK9d0SF1IyQ3k5PoirxTW0Oe/RqFgMQ6TcNE5Ew==",
      "dev": true,
      "dependencies": {
        "@nodelib/fs.stat": "^2.0.2",
        "@nodelib/fs.walk": "^1.2.3",
        "glob-parent": "^5.1.2",
        "merge2": "^1.3.0",
        "micromatch": "^4.0.4"
      },
      "engines": {
        "node": ">=8.6.0"
      }
    },
    "node_modules/fastq": {
      "version": "1.13.0",
      "resolved": "https://registry.nlark.com/fastq/download/fastq-1.13.0.tgz",
      "integrity": "sha1-YWdg+Ip1Jr38WWt8q4wYk4w2uYw=",
      "dev": true,
      "dependencies": {
        "reusify": "^1.0.4"
      }
    },
    "node_modules/fd-slicer": {
      "version": "1.1.0",
      "resolved": "https://registry.npm.taobao.org/fd-slicer/download/fd-slicer-1.1.0.tgz",
      "integrity": "sha1-JcfInLH5B3+IkbvmHY85Dq4lbx4=",
      "dev": true,
      "dependencies": {
        "pend": "~1.2.0"
      }
    },
    "node_modules/fill-range": {
      "version": "7.0.1",
      "resolved": "https://registry.nlark.com/fill-range/download/fill-range-7.0.1.tgz",
      "integrity": "sha1-GRmmp8df44ssfHflGYU12prN2kA=",
      "dev": true,
      "dependencies": {
        "to-regex-range": "^5.0.1"
      },
      "engines": {
        "node": ">=8"
      }
    },
    "node_modules/flushwritable": {
      "version": "1.0.0",
      "resolved": "https://registry.npm.taobao.org/flushwritable/download/flushwritable-1.0.0.tgz",
      "integrity": "sha1-PjKNj95BKtR+c44751C00pAENJg=",
      "dev": true
    },
    "node_modules/fs": {
      "version": "0.0.1-security",
      "resolved": "https://registry.npmmirror.com/fs/download/fs-0.0.1-security.tgz",
      "integrity": "sha512-3XY9e1pP0CVEUCdj5BmfIZxRBTSDycnbqhIOGec9QYtmVH2fbLpj86CFWkrNOkt/Fvty4KZG5lTglL9j/gJ87w==",
      "dev": true
    },
    "node_modules/fs-constants": {
      "version": "1.0.0",
      "resolved": "https://registry.nlark.com/fs-constants/download/fs-constants-1.0.0.tgz",
      "integrity": "sha1-a+Dem+mYzhavivwkSXue6bfM2a0=",
      "dev": true
    },
    "node_modules/get-ready": {
      "version": "1.0.0",
      "resolved": "https://registry.npm.taobao.org/get-ready/download/get-ready-1.0.0.tgz",
      "integrity": "sha1-+RgX8emt7P6hOlYq38jeiDqzR4I=",
      "dev": true
    },
    "node_modules/glob-parent": {
      "version": "5.1.2",
      "resolved": "https://registry.npmmirror.com/glob-parent/download/glob-parent-5.1.2.tgz",
      "integrity": "sha1-hpgyxYA0/mikCTwX3BXoNA2EAcQ=",
      "dev": true,
      "dependencies": {
        "is-glob": "^4.0.1"
      },
      "engines": {
        "node": ">= 6"
      }
    },
    "node_modules/globby": {
      "version": "11.1.0",
      "resolved": "https://registry.npmmirror.com/globby/download/globby-11.1.0.tgz",
      "integrity": "sha512-jhIXaOzy1sb8IyocaruWSn1TjmnBVs8Ayhcy83rmxNJ8q2uWKCAj3CnJY+KpGSXCueAPc0i05kVvVKtP1t9S3g==",
      "dev": true,
      "dependencies": {
        "array-union": "^2.1.0",
        "dir-glob": "^3.0.1",
        "fast-glob": "^3.2.9",
        "ignore": "^5.2.0",
        "merge2": "^1.4.1",
        "slash": "^3.0.0"
      },
      "engines": {
        "node": ">=10"
      }
    },
    "node_modules/iconv-lite": {
      "version": "0.5.2",
      "resolved": "https://registry.nlark.com/iconv-lite/download/iconv-lite-0.5.2.tgz",
      "integrity": "sha1-r21ijcz7RjtzZNl/cV5LdLjIwrg=",
      "dev": true,
      "dependencies": {
        "safer-buffer": ">= 2.1.2 < 3"
      },
      "engines": {
        "node": ">=0.10.0"
      }
    },
    "node_modules/ignore": {
      "version": "5.2.0",
      "resolved": "https://registry.npmmirror.com/ignore/download/ignore-5.2.0.tgz",
      "integrity": "sha512-CmxgYGiEPCLhfLnpPp1MoRmifwEIOgjcHXxOBjv7mY96c+eWScsOP9c112ZyLdWHi0FxHjI+4uVhKYp/gcdRmQ==",
      "dev": true,
      "engines": {
        "node": ">= 4"
      }
    },
    "node_modules/inherits": {
      "version": "2.0.4",
      "resolved": "https://registry.npm.taobao.org/inherits/download/inherits-2.0.4.tgz",
      "integrity": "sha1-D6LGT5MpF8NDOg3tVTY6rjdBa3w=",
      "dev": true
    },
    "node_modules/is-extglob": {
      "version": "2.1.1",
      "resolved": "https://registry.npm.taobao.org/is-extglob/download/is-extglob-2.1.1.tgz",
      "integrity": "sha1-qIwCU1eR8C7TfHahueqXc8gz+MI=",
      "dev": true,
      "engines": {
        "node": ">=0.10.0"
      }
    },
    "node_modules/is-glob": {
      "version": "4.0.3",
      "resolved": "https://registry.npmmirror.com/is-glob/download/is-glob-4.0.3.tgz",
      "integrity": "sha1-ZPYeQsu7LuwgcanawLKLoeZdUIQ=",
      "dev": true,
      "license": "MIT",
      "dependencies": {
        "is-extglob": "^2.1.1"
      },
      "engines": {
        "node": ">=0.10.0"
      }
    },
    "node_modules/is-number": {
      "version": "7.0.0",
      "resolved": "https://registry.nlark.com/is-number/download/is-number-7.0.0.tgz",
      "integrity": "sha1-dTU0W4lnNNX4DE0GxQlVUnoU8Ss=",
      "dev": true,
      "engines": {
        "node": ">=0.12.0"
      }
    },
    "node_modules/isarray": {
      "version": "1.0.0",
      "resolved": "https://registry.npmmirror.com/isarray/download/isarray-1.0.0.tgz",
      "integrity": "sha512-VLghIWNM6ELQzo7zwmcg0NmTVyWKYjvIeM83yjp0wRDTmUnrM678fQbcKBo6n2CJEF0szoG//ytg+TKla89ALQ==",
      "dev": true
    },
    "node_modules/marked": {
      "version": "1.2.9",
      "resolved": "https://registry.npmmirror.com/marked/download/marked-1.2.9.tgz",
      "integrity": "sha512-H8lIX2SvyitGX+TRdtS06m1jHMijKN/XjfH6Ooii9fvxMlh8QdqBfBDkGUpMWH2kQNrtixjzYUa3SH8ROTgRRw==",
      "dev": true,
      "bin": {
        "marked": "bin/marked"
      },
      "engines": {
        "node": ">= 8.16.2"
      }
    },
    "node_modules/merge2": {
      "version": "1.4.1",
      "resolved": "https://registry.npm.taobao.org/merge2/download/merge2-1.4.1.tgz",
      "integrity": "sha1-Q2iJL4hekHRVpv19xVwMnUBJkK4=",
      "dev": true,
      "engines": {
        "node": ">= 8"
      }
    },
    "node_modules/micromatch": {
      "version": "4.0.4",
      "resolved": "https://registry.nlark.com/micromatch/download/micromatch-4.0.4.tgz",
      "integrity": "sha1-iW1Rnf6dsl/OlM63pQCRm/iB6/k=",
      "dev": true,
      "dependencies": {
        "braces": "^3.0.1",
        "picomatch": "^2.2.3"
      },
      "engines": {
        "node": ">=8.6"
      }
    },
    "node_modules/minimist": {
      "version": "1.2.5",
      "resolved": "https://registry.nlark.com/minimist/download/minimist-1.2.5.tgz?cache=0&sync_timestamp=1618846813226&other_urls=https%3A%2F%2Fregistry.nlark.com%2Fminimist%2Fdownload%2Fminimist-1.2.5.tgz",
      "integrity": "sha1-Z9ZgFLZqaoqqDAg8X9WN9OTpdgI=",
      "dev": true
    },
    "node_modules/mkdirp": {
      "version": "0.5.5",
      "resolved": "https://registry.npmmirror.com/mkdirp/download/mkdirp-0.5.5.tgz",
      "integrity": "sha1-2Rzv1i0UNsoPQWIOJRKI1CAJne8=",
      "dev": true,
      "dependencies": {
        "minimist": "^1.2.5"
      },
      "bin": {
        "mkdirp": "bin/cmd.js"
      }
    },
    "node_modules/once": {
      "version": "1.4.0",
      "resolved": "https://registry.npm.taobao.org/once/download/once-1.4.0.tgz",
      "integrity": "sha1-WDsap3WWHUsROsF9nFC6753Xa9E=",
      "dev": true,
      "dependencies": {
        "wrappy": "1"
      }
    },
    "node_modules/path": {
      "version": "0.12.7",
      "resolved": "https://registry.npmmirror.com/path/download/path-0.12.7.tgz",
      "integrity": "sha512-aXXC6s+1w7otVF9UletFkFcDsJeO7lSZBPUQhtb5O0xJe8LtYhj/GxldoL09bBj9+ZmE2hNoHqQSFMN5fikh4Q==",
      "dev": true,
      "dependencies": {
        "process": "^0.11.1",
        "util": "^0.10.3"
      }
    },
    "node_modules/path-type": {
      "version": "4.0.0",
      "resolved": "https://registry.npm.taobao.org/path-type/download/path-type-4.0.0.tgz?cache=0&sync_timestamp=1611752058913&other_urls=https%3A%2F%2Fregistry.npm.taobao.org%2Fpath-type%2Fdownload%2Fpath-type-4.0.0.tgz",
      "integrity": "sha1-hO0BwKe6OAr+CdkKjBgNzZ0DBDs=",
      "dev": true,
      "engines": {
        "node": ">=8"
      }
    },
    "node_modules/pend": {
      "version": "1.2.0",
      "resolved": "https://registry.npm.taobao.org/pend/download/pend-1.2.0.tgz",
      "integrity": "sha1-elfrVQpng/kRUzH89GY9XI4AelA=",
      "dev": true
    },
    "node_modules/picomatch": {
      "version": "2.3.1",
      "resolved": "https://registry.npmmirror.com/picomatch/download/picomatch-2.3.1.tgz",
      "integrity": "sha512-JU3teHTNjmE2VCGFzuY8EXzCDVwEqB2a8fsIvwaStHhAWJEeVd1o1QD80CU6+ZdEXXSLbSsuLwJjkCBWqRQUVA==",
      "dev": true,
      "engines": {
        "node": ">=8.6"
      }
    },
    "node_modules/process": {
      "version": "0.11.10",
      "resolved": "https://registry.npmmirror.com/process/download/process-0.11.10.tgz",
      "integrity": "sha512-cdGef/drWFoydD1JsMzuFf8100nZl+GT+yacc2bEced5f9Rjk4z+WtFUTBu9PhOi9j/jfmBPu0mMEY4wIdAF8A==",
      "dev": true,
      "engines": {
        "node": ">= 0.6.0"
      }
    },
    "node_modules/process-nextick-args": {
      "version": "2.0.1",
      "resolved": "https://registry.npm.taobao.org/process-nextick-args/download/process-nextick-args-2.0.1.tgz",
      "integrity": "sha1-eCDZsWEgzFXKmud5JoCufbptf+I=",
      "dev": true
    },
    "node_modules/pump": {
      "version": "3.0.0",
      "resolved": "https://registry.npm.taobao.org/pump/download/pump-3.0.0.tgz",
      "integrity": "sha1-tKIRaBW94vTh6mAjVOjHVWUQemQ=",
      "dev": true,
      "dependencies": {
        "end-of-stream": "^1.1.0",
        "once": "^1.3.1"
      }
    },
    "node_modules/queue-microtask": {
      "version": "1.2.3",
      "resolved": "https://registry.npm.taobao.org/queue-microtask/download/queue-microtask-1.2.3.tgz",
      "integrity": "sha1-SSkii7xyTfrEPg77BYyve2z7YkM=",
      "dev": true
    },
    "node_modules/readable-stream": {
      "version": "2.3.7",
      "resolved": "https://registry.npm.taobao.org/readable-stream/download/readable-stream-2.3.7.tgz",
      "integrity": "sha1-Hsoc9xGu+BTAT2IlKjamL2yyO1c=",
      "dev": true,
      "dependencies": {
        "core-util-is": "~1.0.0",
        "inherits": "~2.0.3",
        "isarray": "~1.0.0",
        "process-nextick-args": "~2.0.0",
        "safe-buffer": "~5.1.1",
        "string_decoder": "~1.1.1",
        "util-deprecate": "~1.0.1"
      }
    },
    "node_modules/readable-stream/node_modules/safe-buffer": {
      "version": "5.1.2",
      "resolved": "https://registry.npm.taobao.org/safe-buffer/download/safe-buffer-5.1.2.tgz",
      "integrity": "sha1-mR7GnSluAxN0fVm9/St0XDX4go0=",
      "dev": true
    },
    "node_modules/readline": {
      "version": "1.3.0",
      "resolved": "https://registry.npmmirror.com/readline/download/readline-1.3.0.tgz",
      "integrity": "sha512-k2d6ACCkiNYz222Fs/iNze30rRJ1iIicW7JuX/7/cozvih6YCkFZH+J6mAFDVgv0dRBaAyr4jDqC95R2y4IADg==",
      "dev": true
    },
    "node_modules/reusify": {
      "version": "1.0.4",
      "resolved": "https://registry.npm.taobao.org/reusify/download/reusify-1.0.4.tgz",
      "integrity": "sha1-kNo4Kx4SbvwCFG6QhFqI2xKSXXY=",
      "dev": true,
      "engines": {
        "iojs": ">=1.0.0",
        "node": ">=0.10.0"
      }
    },
    "node_modules/run-parallel": {
      "version": "1.2.0",
      "resolved": "https://registry.npm.taobao.org/run-parallel/download/run-parallel-1.2.0.tgz?cache=0&sync_timestamp=1612925943325&other_urls=https%3A%2F%2Fregistry.npm.taobao.org%2Frun-parallel%2Fdownload%2Frun-parallel-1.2.0.tgz",
      "integrity": "sha1-ZtE2jae9+SHrnZW9GpIp5/IaQ+4=",
      "dev": true,
      "dependencies": {
        "queue-microtask": "^1.2.2"
      }
    },
    "node_modules/safe-buffer": {
      "version": "5.2.1",
      "resolved": "https://registry.npm.taobao.org/safe-buffer/download/safe-buffer-5.2.1.tgz",
      "integrity": "sha1-Hq+fqb2x/dTsdfWPnNtOa3gn7sY=",
      "dev": true
    },
    "node_modules/safer-buffer": {
      "version": "2.1.2",
      "resolved": "https://registry.npm.taobao.org/safer-buffer/download/safer-buffer-2.1.2.tgz",
      "integrity": "sha1-RPoWGwGHuVSd2Eu5GAL5vYOFzWo=",
      "dev": true
    },
    "node_modules/slash": {
      "version": "3.0.0",
      "resolved": "https://registry.nlark.com/slash/download/slash-3.0.0.tgz",
      "integrity": "sha1-ZTm+hwwWWtvVJAIg2+Nh8bxNRjQ=",
      "dev": true,
      "engines": {
        "node": ">=8"
      }
    },
    "node_modules/streamifier": {
      "version": "0.1.1",
      "resolved": "https://registry.npm.taobao.org/streamifier/download/streamifier-0.1.1.tgz",
      "integrity": "sha1-l+mNj6TRBdYqJpHR3AfoINuN/E8=",
      "dev": true,
      "engines": {
        "node": ">=0.10"
      }
    },
    "node_modules/string_decoder": {
      "version": "1.1.1",
      "resolved": "https://registry.nlark.com/string_decoder/download/string_decoder-1.1.1.tgz",
      "integrity": "sha1-nPFhG6YmhdcDCunkujQUnDrwP8g=",
      "dev": true,
      "dependencies": {
        "safe-buffer": "~5.1.0"
      }
    },
    "node_modules/string_decoder/node_modules/safe-buffer": {
      "version": "5.1.2",
      "resolved": "https://registry.npm.taobao.org/safe-buffer/download/safe-buffer-5.1.2.tgz",
      "integrity": "sha1-mR7GnSluAxN0fVm9/St0XDX4go0=",
      "dev": true
    },
    "node_modules/tar-stream": {
      "version": "1.6.2",
      "resolved": "https://registry.npm.taobao.org/tar-stream/download/tar-stream-1.6.2.tgz?cache=0&sync_timestamp=1609236328947&other_urls=https%3A%2F%2Fregistry.npm.taobao.org%2Ftar-stream%2Fdownload%2Ftar-stream-1.6.2.tgz",
      "integrity": "sha1-jqVdqzeXIlPZqa+Q/c1VmuQ1xVU=",
      "dev": true,
      "dependencies": {
        "bl": "^1.0.0",
        "buffer-alloc": "^1.2.0",
        "end-of-stream": "^1.0.0",
        "fs-constants": "^1.0.0",
        "readable-stream": "^2.3.0",
        "to-buffer": "^1.1.1",
        "xtend": "^4.0.0"
      },
      "engines": {
        "node": ">= 0.8.0"
      }
    },
    "node_modules/to-buffer": {
      "version": "1.1.1",
      "resolved": "https://registry.nlark.com/to-buffer/download/to-buffer-1.1.1.tgz",
      "integrity": "sha1-STvUj2LXxD/N7TE6A9ytsuEhOoA=",
      "dev": true
    },
    "node_modules/to-regex-range": {
      "version": "5.0.1",
      "resolved": "https://registry.npm.taobao.org/to-regex-range/download/to-regex-range-5.0.1.tgz",
      "integrity": "sha1-FkjESq58jZiKMmAY7XL1tN0DkuQ=",
      "dev": true,
      "dependencies": {
        "is-number": "^7.0.0"
      },
      "engines": {
        "node": ">=8.0"
      }
    },
    "node_modules/util": {
      "version": "0.10.4",
      "resolved": "https://registry.npmmirror.com/util/download/util-0.10.4.tgz",
      "integrity": "sha512-0Pm9hTQ3se5ll1XihRic3FDIku70C+iHUdT/W926rSgHV5QgXsYbKZN8MSC3tJtSkhuROzvsQjAaFENRXr+19A==",
      "dev": true,
      "dependencies": {
        "inherits": "2.0.3"
      }
    },
    "node_modules/util-deprecate": {
      "version": "1.0.2",
      "resolved": "https://registry.nlark.com/util-deprecate/download/util-deprecate-1.0.2.tgz",
      "integrity": "sha1-RQ1Nyfpw3nMnYvvS1KKJgUGaDM8=",
      "dev": true
    },
    "node_modules/util/node_modules/inherits": {
      "version": "2.0.3",
      "resolved": "https://registry.npm.taobao.org/inherits/download/inherits-2.0.3.tgz",
      "integrity": "sha1-Yzwsg+PaQqUC9SRmAiSA9CCCYd4=",
      "dev": true
    },
    "node_modules/wrappy": {
      "version": "1.0.2",
      "resolved": "https://registry.nlark.com/wrappy/download/wrappy-1.0.2.tgz",
      "integrity": "sha1-tSQ9jz7BqjXxNkYFvA0QNuMKtp8=",
      "dev": true
    },
    "node_modules/xtend": {
      "version": "4.0.2",
      "resolved": "https://registry.nlark.com/xtend/download/xtend-4.0.2.tgz",
      "integrity": "sha1-u3J3n1+kZRhrH0OPZ0+jR/2121Q=",
      "dev": true,
      "engines": {
        "node": ">=0.4"
      }
    },
    "node_modules/yauzl": {
      "version": "2.10.0",
      "resolved": "https://registry.npm.taobao.org/yauzl/download/yauzl-2.10.0.tgz",
      "integrity": "sha1-x+sXyT4RLLEIb6bY5R+wZnt5pfk=",
      "dev": true,
      "dependencies": {
        "buffer-crc32": "~0.2.3",
        "fd-slicer": "~1.1.0"
      }
    },
    "node_modules/yazl": {
      "version": "2.5.1",
      "resolved": "https://registry.nlark.com/yazl/download/yazl-2.5.1.tgz",
      "integrity": "sha1-o9ZdPdZZpbCTeFDoYJ8i//orXDU=",
      "dev": true,
      "dependencies": {
        "buffer-crc32": "~0.2.3"
      }
    }
  },
  "dependencies": {
    "@nodelib/fs.scandir": {
      "version": "2.1.5",
      "resolved": "https://registry.nlark.com/@nodelib/fs.scandir/download/@nodelib/fs.scandir-2.1.5.tgz",
      "integrity": "sha1-dhnC6yGyVIP20WdUi0z9WnSIw9U=",
      "dev": true,
      "requires": {
        "@nodelib/fs.stat": "2.0.5",
        "run-parallel": "^1.1.9"
      }
    },
    "@nodelib/fs.stat": {
      "version": "2.0.5",
      "resolved": "https://registry.npmmirror.com/@nodelib/fs.stat/download/@nodelib/fs.stat-2.0.5.tgz",
      "integrity": "sha1-W9Jir5Tp0lvR5xsF3u1Eh2oiLos=",
      "dev": true
    },
    "@nodelib/fs.walk": {
      "version": "1.2.8",
      "resolved": "https://registry.nlark.com/@nodelib/fs.walk/download/@nodelib/fs.walk-1.2.8.tgz?cache=0&sync_timestamp=1625769815389&other_urls=https%3A%2F%2Fregistry.nlark.com%2F%40nodelib%2Ffs.walk%2Fdownload%2F%40nodelib%2Ffs.walk-1.2.8.tgz",
      "integrity": "sha1-6Vc36LtnRt3t9pxVaVNJTxlv5po=",
      "dev": true,
      "requires": {
        "@nodelib/fs.scandir": "2.1.5",
        "fastq": "^1.6.0"
      }
    },
    "array-union": {
      "version": "2.1.0",
      "resolved": "https://registry.npm.taobao.org/array-union/download/array-union-2.1.0.tgz?cache=0&sync_timestamp=1614624407140&other_urls=https%3A%2F%2Fregistry.npm.taobao.org%2Farray-union%2Fdownload%2Farray-union-2.1.0.tgz",
      "integrity": "sha1-t5hCCtvrHego2ErNii4j0+/oXo0=",
      "dev": true
    },
    "bl": {
      "version": "1.2.3",
      "resolved": "https://registry.nlark.com/bl/download/bl-1.2.3.tgz",
      "integrity": "sha1-Ho3YAULqyA1xWMnczAR/tiDgNec=",
      "dev": true,
      "requires": {
        "readable-stream": "^2.3.5",
        "safe-buffer": "^5.1.1"
      }
    },
    "braces": {
      "version": "3.0.2",
      "resolved": "https://registry.npm.taobao.org/braces/download/braces-3.0.2.tgz",
      "integrity": "sha1-NFThpGLujVmeI23zNs2epPiv4Qc=",
      "dev": true,
      "requires": {
        "fill-range": "^7.0.1"
      }
    },
    "buffer-alloc": {
      "version": "1.2.0",
      "resolved": "https://registry.npm.taobao.org/buffer-alloc/download/buffer-alloc-1.2.0.tgz",
      "integrity": "sha1-iQ3ZDZI6hz4I4Q5f1RpX5bfM4Ow=",
      "dev": true,
      "requires": {
        "buffer-alloc-unsafe": "^1.1.0",
        "buffer-fill": "^1.0.0"
      }
    },
    "buffer-alloc-unsafe": {
      "version": "1.1.0",
      "resolved": "https://registry.nlark.com/buffer-alloc-unsafe/download/buffer-alloc-unsafe-1.1.0.tgz",
      "integrity": "sha1-vX3CauKXLQ7aJTvgYdupkjScGfA=",
      "dev": true
    },
    "buffer-crc32": {
      "version": "0.2.13",
      "resolved": "https://registry.npm.taobao.org/buffer-crc32/download/buffer-crc32-0.2.13.tgz",
      "integrity": "sha1-DTM+PwDqxQqhRUq9MO+MKl2ackI=",
      "dev": true
    },
    "buffer-fill": {
      "version": "1.0.0",
      "resolved": "https://registry.npm.taobao.org/buffer-fill/download/buffer-fill-1.0.0.tgz",
      "integrity": "sha1-+PeLdniYiO858gXNY39o5wISKyw=",
      "dev": true
    },
    "compressing": {
      "version": "1.5.1",
      "resolved": "https://registry.npm.taobao.org/compressing/download/compressing-1.5.1.tgz",
      "integrity": "sha1-0DGjMRuMLtZWGoQxZx1ahEVASC0=",
      "dev": true,
      "requires": {
        "flushwritable": "^1.0.0",
        "get-ready": "^1.0.0",
        "iconv-lite": "^0.5.0",
        "mkdirp": "^0.5.1",
        "pump": "^3.0.0",
        "streamifier": "^0.1.1",
        "tar-stream": "^1.5.2",
        "yauzl": "^2.7.0",
        "yazl": "^2.4.2"
      }
    },
    "core-util-is": {
      "version": "1.0.3",
      "resolved": "https://registry.nlark.com/core-util-is/download/core-util-is-1.0.3.tgz",
      "integrity": "sha1-pgQtNjTCsn6TKPg3uWX6yDgI24U=",
      "dev": true
    },
    "dir-glob": {
      "version": "3.0.1",
      "resolved": "https://registry.npm.taobao.org/dir-glob/download/dir-glob-3.0.1.tgz",
      "integrity": "sha1-Vtv3PZkqSpO6FYT0U0Bj/S5BcX8=",
      "dev": true,
      "requires": {
        "path-type": "^4.0.0"
      }
    },
    "end-of-stream": {
      "version": "1.4.4",
      "resolved": "https://registry.nlark.com/end-of-stream/download/end-of-stream-1.4.4.tgz",
      "integrity": "sha1-WuZKX0UFe682JuwU2gyl5LJDHrA=",
      "dev": true,
      "requires": {
        "once": "^1.4.0"
      }
    },
    "fast-glob": {
      "version": "3.2.11",
      "resolved": "https://registry.npmmirror.com/fast-glob/download/fast-glob-3.2.11.tgz",
      "integrity": "sha512-xrO3+1bxSo3ZVHAnqzyuewYT6aMFHRAd4Kcs92MAonjwQZLsK9d0SF1IyQ3k5PoirxTW0Oe/RqFgMQ6TcNE5Ew==",
      "dev": true,
      "requires": {
        "@nodelib/fs.stat": "^2.0.2",
        "@nodelib/fs.walk": "^1.2.3",
        "glob-parent": "^5.1.2",
        "merge2": "^1.3.0",
        "micromatch": "^4.0.4"
      }
    },
    "fastq": {
      "version": "1.13.0",
      "resolved": "https://registry.nlark.com/fastq/download/fastq-1.13.0.tgz",
      "integrity": "sha1-YWdg+Ip1Jr38WWt8q4wYk4w2uYw=",
      "dev": true,
      "requires": {
        "reusify": "^1.0.4"
      }
    },
    "fd-slicer": {
      "version": "1.1.0",
      "resolved": "https://registry.npm.taobao.org/fd-slicer/download/fd-slicer-1.1.0.tgz",
      "integrity": "sha1-JcfInLH5B3+IkbvmHY85Dq4lbx4=",
      "dev": true,
      "requires": {
        "pend": "~1.2.0"
      }
    },
    "fill-range": {
      "version": "7.0.1",
      "resolved": "https://registry.nlark.com/fill-range/download/fill-range-7.0.1.tgz",
      "integrity": "sha1-GRmmp8df44ssfHflGYU12prN2kA=",
      "dev": true,
      "requires": {
        "to-regex-range": "^5.0.1"
      }
    },
    "flushwritable": {
      "version": "1.0.0",
      "resolved": "https://registry.npm.taobao.org/flushwritable/download/flushwritable-1.0.0.tgz",
      "integrity": "sha1-PjKNj95BKtR+c44751C00pAENJg=",
      "dev": true
    },
    "fs": {
      "version": "0.0.1-security",
      "resolved": "https://registry.npmmirror.com/fs/download/fs-0.0.1-security.tgz",
      "integrity": "sha512-3XY9e1pP0CVEUCdj5BmfIZxRBTSDycnbqhIOGec9QYtmVH2fbLpj86CFWkrNOkt/Fvty4KZG5lTglL9j/gJ87w==",
      "dev": true
    },
    "fs-constants": {
      "version": "1.0.0",
      "resolved": "https://registry.nlark.com/fs-constants/download/fs-constants-1.0.0.tgz",
      "integrity": "sha1-a+Dem+mYzhavivwkSXue6bfM2a0=",
      "dev": true
    },
    "get-ready": {
      "version": "1.0.0",
      "resolved": "https://registry.npm.taobao.org/get-ready/download/get-ready-1.0.0.tgz",
      "integrity": "sha1-+RgX8emt7P6hOlYq38jeiDqzR4I=",
      "dev": true
    },
    "glob-parent": {
      "version": "5.1.2",
      "resolved": "https://registry.npmmirror.com/glob-parent/download/glob-parent-5.1.2.tgz",
      "integrity": "sha1-hpgyxYA0/mikCTwX3BXoNA2EAcQ=",
      "dev": true,
      "requires": {
        "is-glob": "^4.0.1"
      }
    },
    "globby": {
      "version": "11.1.0",
      "resolved": "https://registry.npmmirror.com/globby/download/globby-11.1.0.tgz",
      "integrity": "sha512-jhIXaOzy1sb8IyocaruWSn1TjmnBVs8Ayhcy83rmxNJ8q2uWKCAj3CnJY+KpGSXCueAPc0i05kVvVKtP1t9S3g==",
      "dev": true,
      "requires": {
        "array-union": "^2.1.0",
        "dir-glob": "^3.0.1",
        "fast-glob": "^3.2.9",
        "ignore": "^5.2.0",
        "merge2": "^1.4.1",
        "slash": "^3.0.0"
      }
    },
    "iconv-lite": {
      "version": "0.5.2",
      "resolved": "https://registry.nlark.com/iconv-lite/download/iconv-lite-0.5.2.tgz",
      "integrity": "sha1-r21ijcz7RjtzZNl/cV5LdLjIwrg=",
      "dev": true,
      "requires": {
        "safer-buffer": ">= 2.1.2 < 3"
      }
    },
    "ignore": {
      "version": "5.2.0",
      "resolved": "https://registry.npmmirror.com/ignore/download/ignore-5.2.0.tgz",
      "integrity": "sha512-CmxgYGiEPCLhfLnpPp1MoRmifwEIOgjcHXxOBjv7mY96c+eWScsOP9c112ZyLdWHi0FxHjI+4uVhKYp/gcdRmQ==",
      "dev": true
    },
    "inherits": {
      "version": "2.0.4",
      "resolved": "https://registry.npm.taobao.org/inherits/download/inherits-2.0.4.tgz",
      "integrity": "sha1-D6LGT5MpF8NDOg3tVTY6rjdBa3w=",
      "dev": true
    },
    "is-extglob": {
      "version": "2.1.1",
      "resolved": "https://registry.npm.taobao.org/is-extglob/download/is-extglob-2.1.1.tgz",
      "integrity": "sha1-qIwCU1eR8C7TfHahueqXc8gz+MI=",
      "dev": true
    },
    "is-glob": {
      "version": "4.0.3",
      "resolved": "https://registry.npmmirror.com/is-glob/download/is-glob-4.0.3.tgz",
      "integrity": "sha1-ZPYeQsu7LuwgcanawLKLoeZdUIQ=",
      "dev": true,
      "requires": {
        "is-extglob": "^2.1.1"
      }
    },
    "is-number": {
      "version": "7.0.0",
      "resolved": "https://registry.nlark.com/is-number/download/is-number-7.0.0.tgz",
      "integrity": "sha1-dTU0W4lnNNX4DE0GxQlVUnoU8Ss=",
      "dev": true
    },
    "isarray": {
      "version": "1.0.0",
      "resolved": "https://registry.npmmirror.com/isarray/download/isarray-1.0.0.tgz",
      "integrity": "sha512-VLghIWNM6ELQzo7zwmcg0NmTVyWKYjvIeM83yjp0wRDTmUnrM678fQbcKBo6n2CJEF0szoG//ytg+TKla89ALQ==",
      "dev": true
    },
    "marked": {
      "version": "1.2.9",
      "resolved": "https://registry.npmmirror.com/marked/download/marked-1.2.9.tgz",
      "integrity": "sha512-H8lIX2SvyitGX+TRdtS06m1jHMijKN/XjfH6Ooii9fvxMlh8QdqBfBDkGUpMWH2kQNrtixjzYUa3SH8ROTgRRw==",
      "dev": true
    },
    "merge2": {
      "version": "1.4.1",
      "resolved": "https://registry.npm.taobao.org/merge2/download/merge2-1.4.1.tgz",
      "integrity": "sha1-Q2iJL4hekHRVpv19xVwMnUBJkK4=",
      "dev": true
    },
    "micromatch": {
      "version": "4.0.4",
      "resolved": "https://registry.nlark.com/micromatch/download/micromatch-4.0.4.tgz",
      "integrity": "sha1-iW1Rnf6dsl/OlM63pQCRm/iB6/k=",
      "dev": true,
      "requires": {
        "braces": "^3.0.1",
        "picomatch": "^2.2.3"
      }
    },
    "minimist": {
      "version": "1.2.5",
      "resolved": "https://registry.nlark.com/minimist/download/minimist-1.2.5.tgz?cache=0&sync_timestamp=1618846813226&other_urls=https%3A%2F%2Fregistry.nlark.com%2Fminimist%2Fdownload%2Fminimist-1.2.5.tgz",
      "integrity": "sha1-Z9ZgFLZqaoqqDAg8X9WN9OTpdgI=",
      "dev": true
    },
    "mkdirp": {
      "version": "0.5.5",
      "resolved": "https://registry.npmmirror.com/mkdirp/download/mkdirp-0.5.5.tgz",
      "integrity": "sha1-2Rzv1i0UNsoPQWIOJRKI1CAJne8=",
      "dev": true,
      "requires": {
        "minimist": "^1.2.5"
      }
    },
    "once": {
      "version": "1.4.0",
      "resolved": "https://registry.npm.taobao.org/once/download/once-1.4.0.tgz",
      "integrity": "sha1-WDsap3WWHUsROsF9nFC6753Xa9E=",
      "dev": true,
      "requires": {
        "wrappy": "1"
      }
    },
    "path": {
      "version": "0.12.7",
      "resolved": "https://registry.npmmirror.com/path/download/path-0.12.7.tgz",
      "integrity": "sha512-aXXC6s+1w7otVF9UletFkFcDsJeO7lSZBPUQhtb5O0xJe8LtYhj/GxldoL09bBj9+ZmE2hNoHqQSFMN5fikh4Q==",
      "dev": true,
      "requires": {
        "process": "^0.11.1",
        "util": "^0.10.3"
      }
    },
    "path-type": {
      "version": "4.0.0",
      "resolved": "https://registry.npm.taobao.org/path-type/download/path-type-4.0.0.tgz?cache=0&sync_timestamp=1611752058913&other_urls=https%3A%2F%2Fregistry.npm.taobao.org%2Fpath-type%2Fdownload%2Fpath-type-4.0.0.tgz",
      "integrity": "sha1-hO0BwKe6OAr+CdkKjBgNzZ0DBDs=",
      "dev": true
    },
    "pend": {
      "version": "1.2.0",
      "resolved": "https://registry.npm.taobao.org/pend/download/pend-1.2.0.tgz",
      "integrity": "sha1-elfrVQpng/kRUzH89GY9XI4AelA=",
      "dev": true
    },
    "picomatch": {
      "version": "2.3.1",
      "resolved": "https://registry.npmmirror.com/picomatch/download/picomatch-2.3.1.tgz",
      "integrity": "sha512-JU3teHTNjmE2VCGFzuY8EXzCDVwEqB2a8fsIvwaStHhAWJEeVd1o1QD80CU6+ZdEXXSLbSsuLwJjkCBWqRQUVA==",
      "dev": true
    },
    "process": {
      "version": "0.11.10",
      "resolved": "https://registry.npmmirror.com/process/download/process-0.11.10.tgz",
      "integrity": "sha512-cdGef/drWFoydD1JsMzuFf8100nZl+GT+yacc2bEced5f9Rjk4z+WtFUTBu9PhOi9j/jfmBPu0mMEY4wIdAF8A==",
      "dev": true
    },
    "process-nextick-args": {
      "version": "2.0.1",
      "resolved": "https://registry.npm.taobao.org/process-nextick-args/download/process-nextick-args-2.0.1.tgz",
      "integrity": "sha1-eCDZsWEgzFXKmud5JoCufbptf+I=",
      "dev": true
    },
    "pump": {
      "version": "3.0.0",
      "resolved": "https://registry.npm.taobao.org/pump/download/pump-3.0.0.tgz",
      "integrity": "sha1-tKIRaBW94vTh6mAjVOjHVWUQemQ=",
      "dev": true,
      "requires": {
        "end-of-stream": "^1.1.0",
        "once": "^1.3.1"
      }
    },
    "queue-microtask": {
      "version": "1.2.3",
      "resolved": "https://registry.npm.taobao.org/queue-microtask/download/queue-microtask-1.2.3.tgz",
      "integrity": "sha1-SSkii7xyTfrEPg77BYyve2z7YkM=",
      "dev": true
    },
    "readable-stream": {
      "version": "2.3.7",
      "resolved": "https://registry.npm.taobao.org/readable-stream/download/readable-stream-2.3.7.tgz",
      "integrity": "sha1-Hsoc9xGu+BTAT2IlKjamL2yyO1c=",
      "dev": true,
      "requires": {
        "core-util-is": "~1.0.0",
        "inherits": "~2.0.3",
        "isarray": "~1.0.0",
        "process-nextick-args": "~2.0.0",
        "safe-buffer": "~5.1.1",
        "string_decoder": "~1.1.1",
        "util-deprecate": "~1.0.1"
      },
      "dependencies": {
        "safe-buffer": {
          "version": "5.1.2",
          "resolved": "https://registry.npm.taobao.org/safe-buffer/download/safe-buffer-5.1.2.tgz",
          "integrity": "sha1-mR7GnSluAxN0fVm9/St0XDX4go0=",
          "dev": true
        }
      }
    },
    "readline": {
      "version": "1.3.0",
      "resolved": "https://registry.npmmirror.com/readline/download/readline-1.3.0.tgz",
      "integrity": "sha512-k2d6ACCkiNYz222Fs/iNze30rRJ1iIicW7JuX/7/cozvih6YCkFZH+J6mAFDVgv0dRBaAyr4jDqC95R2y4IADg==",
      "dev": true
    },
    "reusify": {
      "version": "1.0.4",
      "resolved": "https://registry.npm.taobao.org/reusify/download/reusify-1.0.4.tgz",
      "integrity": "sha1-kNo4Kx4SbvwCFG6QhFqI2xKSXXY=",
      "dev": true
    },
    "run-parallel": {
      "version": "1.2.0",
      "resolved": "https://registry.npm.taobao.org/run-parallel/download/run-parallel-1.2.0.tgz?cache=0&sync_timestamp=1612925943325&other_urls=https%3A%2F%2Fregistry.npm.taobao.org%2Frun-parallel%2Fdownload%2Frun-parallel-1.2.0.tgz",
      "integrity": "sha1-ZtE2jae9+SHrnZW9GpIp5/IaQ+4=",
      "dev": true,
      "requires": {
        "queue-microtask": "^1.2.2"
      }
    },
    "safe-buffer": {
      "version": "5.2.1",
      "resolved": "https://registry.npm.taobao.org/safe-buffer/download/safe-buffer-5.2.1.tgz",
      "integrity": "sha1-Hq+fqb2x/dTsdfWPnNtOa3gn7sY=",
      "dev": true
    },
    "safer-buffer": {
      "version": "2.1.2",
      "resolved": "https://registry.npm.taobao.org/safer-buffer/download/safer-buffer-2.1.2.tgz",
      "integrity": "sha1-RPoWGwGHuVSd2Eu5GAL5vYOFzWo=",
      "dev": true
    },
    "slash": {
      "version": "3.0.0",
      "resolved": "https://registry.nlark.com/slash/download/slash-3.0.0.tgz",
      "integrity": "sha1-ZTm+hwwWWtvVJAIg2+Nh8bxNRjQ=",
      "dev": true
    },
    "streamifier": {
      "version": "0.1.1",
      "resolved": "https://registry.npm.taobao.org/streamifier/download/streamifier-0.1.1.tgz",
      "integrity": "sha1-l+mNj6TRBdYqJpHR3AfoINuN/E8=",
      "dev": true
    },
    "string_decoder": {
      "version": "1.1.1",
      "resolved": "https://registry.nlark.com/string_decoder/download/string_decoder-1.1.1.tgz",
      "integrity": "sha1-nPFhG6YmhdcDCunkujQUnDrwP8g=",
      "dev": true,
      "requires": {
        "safe-buffer": "~5.1.0"
      },
      "dependencies": {
        "safe-buffer": {
          "version": "5.1.2",
          "resolved": "https://registry.npm.taobao.org/safe-buffer/download/safe-buffer-5.1.2.tgz",
          "integrity": "sha1-mR7GnSluAxN0fVm9/St0XDX4go0=",
          "dev": true
        }
      }
    },
    "tar-stream": {
      "version": "1.6.2",
      "resolved": "https://registry.npm.taobao.org/tar-stream/download/tar-stream-1.6.2.tgz?cache=0&sync_timestamp=1609236328947&other_urls=https%3A%2F%2Fregistry.npm.taobao.org%2Ftar-stream%2Fdownload%2Ftar-stream-1.6.2.tgz",
      "integrity": "sha1-jqVdqzeXIlPZqa+Q/c1VmuQ1xVU=",
      "dev": true,
      "requires": {
        "bl": "^1.0.0",
        "buffer-alloc": "^1.2.0",
        "end-of-stream": "^1.0.0",
        "fs-constants": "^1.0.0",
        "readable-stream": "^2.3.0",
        "to-buffer": "^1.1.1",
        "xtend": "^4.0.0"
      }
    },
    "to-buffer": {
      "version": "1.1.1",
      "resolved": "https://registry.nlark.com/to-buffer/download/to-buffer-1.1.1.tgz",
      "integrity": "sha1-STvUj2LXxD/N7TE6A9ytsuEhOoA=",
      "dev": true
    },
    "to-regex-range": {
      "version": "5.0.1",
      "resolved": "https://registry.npm.taobao.org/to-regex-range/download/to-regex-range-5.0.1.tgz",
      "integrity": "sha1-FkjESq58jZiKMmAY7XL1tN0DkuQ=",
      "dev": true,
      "requires": {
        "is-number": "^7.0.0"
      }
    },
    "util": {
      "version": "0.10.4",
      "resolved": "https://registry.npmmirror.com/util/download/util-0.10.4.tgz",
      "integrity": "sha512-0Pm9hTQ3se5ll1XihRic3FDIku70C+iHUdT/W926rSgHV5QgXsYbKZN8MSC3tJtSkhuROzvsQjAaFENRXr+19A==",
      "dev": true,
      "requires": {
        "inherits": "2.0.3"
      },
      "dependencies": {
        "inherits": {
          "version": "2.0.3",
          "resolved": "https://registry.npm.taobao.org/inherits/download/inherits-2.0.3.tgz",
          "integrity": "sha1-Yzwsg+PaQqUC9SRmAiSA9CCCYd4=",
          "dev": true
        }
      }
    },
    "util-deprecate": {
      "version": "1.0.2",
      "resolved": "https://registry.nlark.com/util-deprecate/download/util-deprecate-1.0.2.tgz",
      "integrity": "sha1-RQ1Nyfpw3nMnYvvS1KKJgUGaDM8=",
      "dev": true
    },
    "wrappy": {
      "version": "1.0.2",
      "resolved": "https://registry.nlark.com/wrappy/download/wrappy-1.0.2.tgz",
      "integrity": "sha1-tSQ9jz7BqjXxNkYFvA0QNuMKtp8=",
      "dev": true
    },
    "xtend": {
      "version": "4.0.2",
      "resolved": "https://registry.nlark.com/xtend/download/xtend-4.0.2.tgz",
      "integrity": "sha1-u3J3n1+kZRhrH0OPZ0+jR/2121Q=",
      "dev": true
    },
    "yauzl": {
      "version": "2.10.0",
      "resolved": "https://registry.npm.taobao.org/yauzl/download/yauzl-2.10.0.tgz",
      "integrity": "sha1-x+sXyT4RLLEIb6bY5R+wZnt5pfk=",
      "dev": true,
      "requires": {
        "buffer-crc32": "~0.2.3",
        "fd-slicer": "~1.1.0"
      }
    },
    "yazl": {
      "version": "2.5.1",
      "resolved": "https://registry.nlark.com/yazl/download/yazl-2.5.1.tgz",
      "integrity": "sha1-o9ZdPdZZpbCTeFDoYJ8i//orXDU=",
      "dev": true,
      "requires": {
        "buffer-crc32": "~0.2.3"
      }
    }
  }
}
